
Microsoft Visual Studio Solution File, Format Version 11.00
# Visual Studio 2010
Project("{FAE04EC0-301F-11D3-BF4B-00C04F79EFBC}") = "ARProject", "Assembly-CSharp.csproj", "{6F3B1A3C-2B4E-0C02-BD08-AEF49C45C39A}"
EndProject
Project("{FAE04EC0-301F-11D3-BF4B-00C04F79EFBC}") = "ARProject", "Assembly-CSharp-Editor.csproj", "{FCF85B7B-4287-061B-843C-E132B5A412AB}"
EndProject
Global
	GlobalSection(SolutionConfigurationPlatforms) = preSolution
		Debug|Any CPU = Debug|Any CPU
		Release|Any CPU = Release|Any CPU
	EndGlobalSection
	GlobalSection(ProjectConfigurationPlatforms) = postSolution
		{6F3B1A3C-2B4E-0C02-BD08-AEF49C45C39A}.Debug|Any CPU.ActiveCfg = Debug|Any CPU
		{6F3B1A3C-2B4E-0C02-BD08-AEF49C45C39A}.Debug|Any CPU.Build.0 = Debug|Any CPU
		{6F3B1A3C-2B4E-0C02-BD08-AEF49C45C39A}.Release|Any CPU.ActiveCfg = Release|Any CPU
		{6F3B1A3C-2B4E-0C02-BD08-AEF49C45C39A}.Release|Any CPU.Build.0 = Release|Any CPU
		{FCF85B7B-4287-061B-843C-E132B5A412AB}.Debug|Any CPU.ActiveCfg = Debug|Any CPU
		{FCF85B7B-4287-061B-843C-E132B5A412AB}.Debug|Any CPU.Build.0 = Debug|Any CPU
		{FCF85B7B-4287-061B-843C-E132B5A412AB}.Release|Any CPU.ActiveCfg = Release|Any CPU
		{FCF85B7B-4287-061B-843C-E132B5A412AB}.Release|Any CPU.Build.0 = Release|Any CPU
	EndGlobalSection
	GlobalSection(SolutionProperties) = preSolution
		HideSolutionNode = FALSE
	EndGlobalSection
	GlobalSection(MonoDevelopProperties) = preSolution
		StartupItem = Assembly-CSharp.csproj
	EndGlobalSection
EndGlobal
